{
  "originHash" : "057c9b0747172cd7ccf64c2417738d6eca78f4edb7a6fac469a20a2e3b2af758",
  "pins" : [
    {
      "identity" : "ceolkit",
      "kind" : "remoteSourceControl",
      "location" : "https://github.com/sbeitzel/CeolKit",
      "state" : {
        "revision" : "a9bae9675bff5475669de349ec64ed594e54a033",
        "version" : "2.1.0"
      }
    },
    {
      "identity" : "cocoalumberjack",
      "kind" : "remoteSourceControl",
      "location" : "https://github.com/CocoaLumberjack/CocoaLumberjack",
      "state" : {
        "revision" : "b75d3c3198a2930b4491b04fd47cb504b359c750",
        "version" : "3.10.0"
      }
    },
    {
      "identity" : "sparkle",
      "kind" : "remoteSourceControl",
      "location" : "https://github.com/sparkle-project/Sparkle",
      "state" : {
        "revision" : "b6496a74a087257ef5e6da1c5b29a447a60f5bd7",
        "version" : "2.9.4"
      }
    },
    {
      "identity" : "svgkit",
      "kind" : "remoteSourceControl",
      "location" : "https://github.com/SVGKit/SVGKit",
      "state" : {
        "branch" : "3.x",
        "revision" : "9b573a08e7698149de1a0ed576f22f68f5a0e30b"
      }
    },
    {
      "identity" : "swift-concurrency-extras",
      "kind" : "remoteSourceControl",
      "location" : "https://github.com/pointfreeco/swift-concurrency-extras",
      "state" : {
        "revision" : "5fa253428866f2360c3754e88537f700ed2656b5",
        "version" : "1.4.1"
      }
    },
    {
      "identity" : "swift-log",
      "kind" : "remoteSourceControl",
      "location" : "https://github.com/apple/swift-log",
      "state" : {
        "revision" : "a878e7f8f46cfc0e1125e565b5c08e7d5272dc9a",
        "version" : "1.14.0"
      }
    },
    {
      "identity" : "swiftui-math",
      "kind" : "remoteSourceControl",
      "location" : "https://github.com/gonzalezreal/swiftui-math",
      "state" : {
        "revision" : "0b5c2cfaaec8d6193db206f675048eeb5ce95f71",
        "version" : "0.1.0"
      }
    },
    {
      "identity" : "textual",
      "kind" : "remoteSourceControl",
      "location" : "https://github.com/sbeitzel/textual",
      "state" : {
        "branch" : "feature/collapsible_block",
        "revision" : "ebe8e6b60c08f6b042255e9949d5bd3cb91b0d1e"
      }
    }
  ],
  "version" : 3
}
